
Microsoft Visual Studio Solution File, Format Version 12.00
# Visual Studio Version 17
VisualStudioVersion = 17.14.36221.1 d17.14
MinimumVisualStudioVersion = 10.0.40219.1
Project("{FAE04EC0-301F-11D3-BF4B-00C04F79EFBC}") = "20250714_4", "20250714_4.csproj", "{DFB7E85D-EF0B-4DD9-961D-0577AF9AD478}"
EndProject
Global
	GlobalSection(SolutionConfigurationPlatforms) = preSolution
		Debug|Any CPU = Debug|Any CPU
		Release|Any CPU = Release|Any CPU
	EndGlobalSection
	GlobalSection(ProjectConfigurationPlatforms) = postSolution
		{DFB7E85D-EF0B-4DD9-961D-0577AF9AD478}.Debug|Any CPU.ActiveCfg = Debug|Any CPU
		{DFB7E85D-EF0B-4DD9-961D-0577AF9AD478}.Debug|Any CPU.Build.0 = Debug|Any CPU
		{DFB7E85D-EF0B-4DD9-961D-0577AF9AD478}.Release|Any CPU.ActiveCfg = Release|Any CPU
		{DFB7E85D-EF0B-4DD9-961D-0577AF9AD478}.Release|Any CPU.Build.0 = Release|Any CPU
	EndGlobalSection
	GlobalSection(SolutionProperties) = preSolution
		HideSolutionNode = FALSE
	EndGlobalSection
	GlobalSection(ExtensibilityGlobals) = postSolution
		SolutionGuid = {7AB37FC0-522D-499E-BA08-5AFC5F382D1D}
	EndGlobalSection
EndGlobal
